
Microsoft Visual Studio Solution File, Format Version 12.00
# Visual Studio Version 17
VisualStudioVersion = 17.6.33815.320
MinimumVisualStudioVersion = 10.0.40219.1
Project("{FAE04EC0-301F-11D3-BF4B-00C04F79EFBC}") = "FileContextMenuExtension", "FileContextMenuExtension\FileContextMenuExtension.csproj", "{B6F99BD0-067C-4BE5-83DD-9425B2CBCDD1}"
EndProject
Global
	GlobalSection(SolutionConfigurationPlatforms) = preSolution
		Debug|Any CPU = Debug|Any CPU
		Release|Any CPU = Release|Any CPU
	EndGlobalSection
	GlobalSection(ProjectConfigurationPlatforms) = postSolution
		{B6F99BD0-067C-4BE5-83DD-9425B2CBCDD1}.Debug|Any CPU.ActiveCfg = Debug|Any CPU
		{B6F99BD0-067C-4BE5-83DD-9425B2CBCDD1}.Debug|Any CPU.Build.0 = Debug|Any CPU
		{B6F99BD0-067C-4BE5-83DD-9425B2CBCDD1}.Release|Any CPU.ActiveCfg = Release|Any CPU
		{B6F99BD0-067C-4BE5-83DD-9425B2CBCDD1}.Release|Any CPU.Build.0 = Release|Any CPU
	EndGlobalSection
	GlobalSection(SolutionProperties) = preSolution
		HideSolutionNode = FALSE
	EndGlobalSection
	GlobalSection(ExtensibilityGlobals) = postSolution
		SolutionGuid = {11F1B8C0-F470-4770-8404-ED7E72057626}
	EndGlobalSection
EndGlobal
